
Microsoft Visual Studio Solution File, Format Version 12.00
Project("{FAE04EC0-301F-11D3-BF4B-00C04F79EFBC}") = "CodeProdigee", "CodeProdigee\CodeProdigee.csproj", "{497AC7A9-8E13-447E-AC75-AB960D8F46CE}"
EndProject
Global
	GlobalSection(SolutionConfigurationPlatforms) = preSolution
		Debug|Any CPU = Debug|Any CPU
		Release|Any CPU = Release|Any CPU
	EndGlobalSection
	GlobalSection(ProjectConfigurationPlatforms) = postSolution
		{497AC7A9-8E13-447E-AC75-AB960D8F46CE}.Debug|Any CPU.ActiveCfg = Debug|Any CPU
		{497AC7A9-8E13-447E-AC75-AB960D8F46CE}.Debug|Any CPU.Build.0 = Debug|Any CPU
		{497AC7A9-8E13-447E-AC75-AB960D8F46CE}.Release|Any CPU.ActiveCfg = Release|Any CPU
		{497AC7A9-8E13-447E-AC75-AB960D8F46CE}.Release|Any CPU.Build.0 = Release|Any CPU
	EndGlobalSection
EndGlobal
